
Microsoft Visual Studio Solution File, Format Version 12.00
# Visual Studio Version 17
VisualStudioVersion = 17.8.34511.84
MinimumVisualStudioVersion = 10.0.40219.1
Project("{FAE04EC0-301F-11D3-BF4B-00C04F79EFBC}") = "ConsoleApp16", "ConsoleApp16\ConsoleApp16.csproj", "{798D483C-E6ED-4CAF-9566-3A973BE51193}"
EndProject
Global
	GlobalSection(SolutionConfigurationPlatforms) = preSolution
		Debug|Any CPU = Debug|Any CPU
		Release|Any CPU = Release|Any CPU
	EndGlobalSection
	GlobalSection(ProjectConfigurationPlatforms) = postSolution
		{798D483C-E6ED-4CAF-9566-3A973BE51193}.Debug|Any CPU.ActiveCfg = Debug|Any CPU
		{798D483C-E6ED-4CAF-9566-3A973BE51193}.Debug|Any CPU.Build.0 = Debug|Any CPU
		{798D483C-E6ED-4CAF-9566-3A973BE51193}.Release|Any CPU.ActiveCfg = Release|Any CPU
		{798D483C-E6ED-4CAF-9566-3A973BE51193}.Release|Any CPU.Build.0 = Release|Any CPU
	EndGlobalSection
	GlobalSection(SolutionProperties) = preSolution
		HideSolutionNode = FALSE
	EndGlobalSection
	GlobalSection(ExtensibilityGlobals) = postSolution
		SolutionGuid = {B5F82CD5-3054-4178-A8F3-E24DC2DB071B}
	EndGlobalSection
EndGlobal
